dependencies:
- name: lidarr
  repository: https://patrickjmcd.github.io/helm-charts
  version: 0.2.2
- name: radarr
  repository: https://patrickjmcd.github.io/helm-charts
  version: 0.2.2
- name: sonarr
  repository: https://patrickjmcd.github.io/helm-charts
  version: 0.2.2
- name: nzbget
  repository: https://patrickjmcd.github.io/helm-charts
  version: 0.2.3
- name: sabnzbd
  repository: https://patrickjmcd.github.io/helm-charts
  version: 0.2.2
- name: nzbhydra
  repository: https://patrickjmcd.github.io/helm-charts
  version: 0.2.4
- name: ombi
  repository: https://patrickjmcd.github.io/helm-charts
  version: 0.2.2
- name: beets
  repository: https://patrickjmcd.github.io/helm-charts
  version: 0.2.2
- name: jellyfin
  repository: https://patrickjmcd.github.io/helm-charts
  version: 0.2.2
- name: airsonic
  repository: https://patrickjmcd.github.io/helm-charts
  version: 0.2.3
digest: sha256:74736fb7db0406e959af0dd4f07e3286ebf237dd6f875418f2a55f6d3946e6c4
generated: "2020-09-20T00:16:31.815684-05:00"
