dependencies:
- name: loki-stack
  repository: https://grafana.github.io/loki/charts
  version: 0.40.0
- name: chronograf
  repository: https://patrickjmcd.github.io/helm-charts
  version: 1.1.19
- name: kapacitor
  repository: https://helm.influxdata.com/
  version: 1.3.1
- name: prometheus
  repository: https://prometheus-community.github.io/helm-charts
  version: 12.0.3
- name: grafana
  repository: https://grafana.github.io/helm-charts
  version: 6.1.13
digest: sha256:92725093cd7d093b93c150c2fda25302d4c511df9e272f851c83f24400a4888a
generated: "2021-02-16T21:42:09.448906-06:00"
