dependencies:
- name: influxdb
  repository: https://helm.influxdata.com/
  version: 4.8.4
- name: ghost
  repository: https://patrickjmcd.github.io/helm-charts
  version: 0.1.0
- name: homebridge
  repository: https://patrickjmcd.github.io/helm-charts
  version: 0.1.2
- name: metabase
  repository: https://kubernetes-charts.storage.googleapis.com/
  version: 0.12.1
digest: sha256:fea09765a61f41f731208c40afacc2e5a28604adced956c1c368a6447693feb3
generated: "2020-08-28T17:27:43.997124-05:00"
