dependencies:
- name: influxdb
  repository: https://helm.influxdata.com/
  version: 4.8.4
- name: ghost
  repository: https://patrickjmcd.github.io/helm-charts
  version: 0.2.2
- name: homebridge
  repository: https://patrickjmcd.github.io/helm-charts
  version: 0.2.2
digest: sha256:986a9b4a788fa73543bef19f558aef25b5e22a9e3c3d2170dc20fd9ae77cd43a
generated: "2020-09-21T11:20:15.431263-05:00"
