dependencies:
- name: influxdb
  repository: https://helm.influxdata.com/
  version: 4.8.4
- name: ghost
  repository: https://patrickjmcd.github.io/helm-charts
  version: 0.2.2
- name: homebridge
  repository: https://patrickjmcd.github.io/helm-charts
  version: 0.2.4
- name: particlewebhook
  repository: https://patrickjmcd.github.io/helm-charts
  version: 0.2.3
- name: postgresql
  repository: https://charts.bitnami.com/bitnami
  version: 9.8.4
- name: metabase
  repository: https://kubernetes-charts.storage.googleapis.com/
  version: 0.12.1
digest: sha256:d2428b81818350a388bdaa5119fa15119dcd7f176ddd33793378f4b2fa49f81e
generated: "2020-12-14T08:51:03.89617-06:00"
